
Microsoft Visual Studio Solution File, Format Version 11.00
# Visual Studio 2010
Project("{8BC9CEB8-8B4A-11D0-8D11-00A0C91BC942}") = "DGP", "DGP\DGP.vcxproj", "{6132F161-0C09-4F39-95EE-65CB5070E1CA}"
EndProject
Global
	GlobalSection(SolutionConfigurationPlatforms) = preSolution
		Debug|Win32 = Debug|Win32
		Release|Win32 = Release|Win32
	EndGlobalSection
	GlobalSection(ProjectConfigurationPlatforms) = postSolution
		{6132F161-0C09-4F39-95EE-65CB5070E1CA}.Debug|Win32.ActiveCfg = Debug|Win32
		{6132F161-0C09-4F39-95EE-65CB5070E1CA}.Debug|Win32.Build.0 = Debug|Win32
		{6132F161-0C09-4F39-95EE-65CB5070E1CA}.Release|Win32.ActiveCfg = Release|Win32
		{6132F161-0C09-4F39-95EE-65CB5070E1CA}.Release|Win32.Build.0 = Release|Win32
	EndGlobalSection
	GlobalSection(SolutionProperties) = preSolution
		HideSolutionNode = FALSE
	EndGlobalSection
EndGlobal
